
Microsoft Visual Studio Solution File, Format Version 12.00
# Visual Studio Version 17
VisualStudioVersion = 17.0.31912.275
MinimumVisualStudioVersion = 10.0.40219.1
Project("{FAE04EC0-301F-11D3-BF4B-00C04F79EFBC}") = "Lab 02", "Lab 02\Lab 02.csproj", "{FD10DB6C-5197-4234-B25B-D69EBE42C6FB}"
EndProject
Global
	GlobalSection(SolutionConfigurationPlatforms) = preSolution
		Debug|Any CPU = Debug|Any CPU
		Release|Any CPU = Release|Any CPU
	EndGlobalSection
	GlobalSection(ProjectConfigurationPlatforms) = postSolution
		{FD10DB6C-5197-4234-B25B-D69EBE42C6FB}.Debug|Any CPU.ActiveCfg = Debug|Any CPU
		{FD10DB6C-5197-4234-B25B-D69EBE42C6FB}.Debug|Any CPU.Build.0 = Debug|Any CPU
		{FD10DB6C-5197-4234-B25B-D69EBE42C6FB}.Release|Any CPU.ActiveCfg = Release|Any CPU
		{FD10DB6C-5197-4234-B25B-D69EBE42C6FB}.Release|Any CPU.Build.0 = Release|Any CPU
	EndGlobalSection
	GlobalSection(SolutionProperties) = preSolution
		HideSolutionNode = FALSE
	EndGlobalSection
	GlobalSection(ExtensibilityGlobals) = postSolution
		SolutionGuid = {C564385E-DB86-4FA1-9D5A-87AE76F8A047}
	EndGlobalSection
EndGlobal
